
Microsoft Visual Studio Solution File, Format Version 12.00
# Visual Studio Version 17
VisualStudioVersion = 17.0.31903.59
MinimumVisualStudioVersion = 10.0.40219.1
Project("{2150E333-8FDC-42A3-9474-1A3956D46DE8}") = "src", "src", "{827E0CD3-B72D-47B6-A68D-7590B98EB39B}"
EndProject
Project("{2150E333-8FDC-42A3-9474-1A3956D46DE8}") = "BuildingBlocks", "BuildingBlocks", "{90298CBA-BD6F-3A0A-69D5-97CAD7B05E7E}"
EndProject
Project("{FAE04EC0-301F-11D3-BF4B-00C04F79EFBC}") = "BuildingBlocks.Common", "src\BuildingBlocks\BuildingBlocks.Common\BuildingBlocks.Common.csproj", "{CE6922AC-7D7A-4F19-916E-D72AFDDD0BF0}"
EndProject
Project("{FAE04EC0-301F-11D3-BF4B-00C04F79EFBC}") = "BuildingBlocks.EventBus", "src\BuildingBlocks\BuildingBlocks.EventBus\BuildingBlocks.EventBus.csproj", "{A54449A2-9B83-492C-B239-F2D683F78F7D}"
EndProject
Project("{FAE04EC0-301F-11D3-BF4B-00C04F79EFBC}") = "BuildingBlocks.Auth", "src\BuildingBlocks\BuildingBlocks.Auth\BuildingBlocks.Auth.csproj", "{D034D3DB-C698-4186-82D3-1D4B01B6CDCB}"
EndProject
Project("{2150E333-8FDC-42A3-9474-1A3956D46DE8}") = "Gateway", "Gateway", "{6306A8FB-679E-111F-6585-8F70E0EE6013}"
EndProject
Project("{FAE04EC0-301F-11D3-BF4B-00C04F79EFBC}") = "ApiGateway", "src\Gateway\ApiGateway\ApiGateway.csproj", "{1D9BE668-5728-425C-B82D-AEA06D19DFA4}"
EndProject
Project("{2150E333-8FDC-42A3-9474-1A3956D46DE8}") = "Services", "Services", "{984BB9B3-3FA3-BE33-9484-CAC21695A33C}"
EndProject
Project("{2150E333-8FDC-42A3-9474-1A3956D46DE8}") = "UserService", "UserService", "{A52FF9A7-1006-A729-7F26-021652E10080}"
EndProject
Project("{FAE04EC0-301F-11D3-BF4B-00C04F79EFBC}") = "UserService.Domain", "src\Services\UserService\UserService.Domain\UserService.Domain.csproj", "{3451A6BB-7AAC-46FB-A50F-19A65C814E99}"
EndProject
Project("{FAE04EC0-301F-11D3-BF4B-00C04F79EFBC}") = "UserService.Application", "src\Services\UserService\UserService.Application\UserService.Application.csproj", "{2D9D0E4E-FA09-4BFA-A6A5-B206EC3A59BB}"
EndProject
Project("{FAE04EC0-301F-11D3-BF4B-00C04F79EFBC}") = "UserService.Infrastructure", "src\Services\UserService\UserService.Infrastructure\UserService.Infrastructure.csproj", "{620BB8DD-8896-4E45-B26F-56B87E7DBBF4}"
EndProject
Project("{FAE04EC0-301F-11D3-BF4B-00C04F79EFBC}") = "UserService.Api", "src\Services\UserService\UserService.Api\UserService.Api.csproj", "{08FDF62A-90C9-41E5-AC51-8335036D5DA4}"
EndProject
Project("{2150E333-8FDC-42A3-9474-1A3956D46DE8}") = "PropertyService", "PropertyService", "{DEFE65A1-8458-5878-8323-44CF1A3176D4}"
EndProject
Project("{FAE04EC0-301F-11D3-BF4B-00C04F79EFBC}") = "PropertyService.Domain", "src\Services\PropertyService\PropertyService.Domain\PropertyService.Domain.csproj", "{875DFBF7-D6D4-491D-AA4F-E85A00243AEB}"
EndProject
Project("{FAE04EC0-301F-11D3-BF4B-00C04F79EFBC}") = "PropertyService.Application", "src\Services\PropertyService\PropertyService.Application\PropertyService.Application.csproj", "{5F4A682E-B132-495A-8235-1337354B9127}"
EndProject
Project("{FAE04EC0-301F-11D3-BF4B-00C04F79EFBC}") = "PropertyService.Infrastructure", "src\Services\PropertyService\PropertyService.Infrastructure\PropertyService.Infrastructure.csproj", "{DB6CAE44-C097-403D-9789-B9658E76009B}"
EndProject
Project("{FAE04EC0-301F-11D3-BF4B-00C04F79EFBC}") = "PropertyService.Api", "src\Services\PropertyService\PropertyService.Api\PropertyService.Api.csproj", "{3C3B11D2-CB91-483E-891B-4D197B048609}"
EndProject
Project("{2150E333-8FDC-42A3-9474-1A3956D46DE8}") = "ApplicationService", "ApplicationService", "{6F5DE244-4ECA-B9E3-F0EF-1DCCD530B650}"
EndProject
Project("{FAE04EC0-301F-11D3-BF4B-00C04F79EFBC}") = "ApplicationService.Domain", "src\Services\ApplicationService\ApplicationService.Domain\ApplicationService.Domain.csproj", "{32E025D2-9DA9-4443-B9BB-03E52596362F}"
EndProject
Project("{FAE04EC0-301F-11D3-BF4B-00C04F79EFBC}") = "ApplicationService.Application", "src\Services\ApplicationService\ApplicationService.Application\ApplicationService.Application.csproj", "{49B5F781-6FCE-4F22-84B3-1D0989194EDE}"
EndProject
Project("{FAE04EC0-301F-11D3-BF4B-00C04F79EFBC}") = "ApplicationService.Infrastructure", "src\Services\ApplicationService\ApplicationService.Infrastructure\ApplicationService.Infrastructure.csproj", "{621DFE89-E238-4F12-AC1D-7DF6BF7E2147}"
EndProject
Project("{FAE04EC0-301F-11D3-BF4B-00C04F79EFBC}") = "ApplicationService.Api", "src\Services\ApplicationService\ApplicationService.Api\ApplicationService.Api.csproj", "{F1369FBF-58BD-4EF9-BB44-7BC7F60EFC06}"
EndProject
Project("{2150E333-8FDC-42A3-9474-1A3956D46DE8}") = "MessagingService", "MessagingService", "{0D084B51-CD32-3689-CAE0-260DDB685C60}"
EndProject
Project("{FAE04EC0-301F-11D3-BF4B-00C04F79EFBC}") = "MessagingService.Domain", "src\Services\MessagingService\MessagingService.Domain\MessagingService.Domain.csproj", "{C2959D80-0FAF-4C45-B092-91FB58BA4E60}"
EndProject
Project("{FAE04EC0-301F-11D3-BF4B-00C04F79EFBC}") = "MessagingService.Application", "src\Services\MessagingService\MessagingService.Application\MessagingService.Application.csproj", "{5ED29BC2-2E82-4229-AE7A-2313BE027007}"
EndProject
Project("{FAE04EC0-301F-11D3-BF4B-00C04F79EFBC}") = "MessagingService.Infrastructure", "src\Services\MessagingService\MessagingService.Infrastructure\MessagingService.Infrastructure.csproj", "{0B809EDB-37AB-43D9-9F87-233FE3E60E18}"
EndProject
Project("{FAE04EC0-301F-11D3-BF4B-00C04F79EFBC}") = "MessagingService.Api", "src\Services\MessagingService\MessagingService.Api\MessagingService.Api.csproj", "{7E57B9DB-EA94-4C10-9603-BB9CAB7CC69F}"
EndProject
Project("{2150E333-8FDC-42A3-9474-1A3956D46DE8}") = "NotificationService", "NotificationService", "{47931FAB-DBE1-FD8F-0AFF-2CD4B99C52C4}"
EndProject
Project("{FAE04EC0-301F-11D3-BF4B-00C04F79EFBC}") = "NotificationService.Domain", "src\Services\NotificationService\NotificationService.Domain\NotificationService.Domain.csproj", "{9D604EE7-83F8-4DB4-8912-AD62C57482F6}"
EndProject
Project("{FAE04EC0-301F-11D3-BF4B-00C04F79EFBC}") = "NotificationService.Application", "src\Services\NotificationService\NotificationService.Application\NotificationService.Application.csproj", "{98FBA01A-E972-4311-AE5A-AD1A7DE5FB98}"
EndProject
Project("{FAE04EC0-301F-11D3-BF4B-00C04F79EFBC}") = "NotificationService.Infrastructure", "src\Services\NotificationService\NotificationService.Infrastructure\NotificationService.Infrastructure.csproj", "{6AA108A8-C474-4D7C-AC30-8B8525EDD33B}"
EndProject
Project("{FAE04EC0-301F-11D3-BF4B-00C04F79EFBC}") = "NotificationService.Api", "src\Services\NotificationService\NotificationService.Api\NotificationService.Api.csproj", "{9901BDAA-1D80-48B7-897B-0813B58D3241}"
EndProject
Project("{2150E333-8FDC-42A3-9474-1A3956D46DE8}") = "PaymentService", "PaymentService", "{40CB294E-2A2C-AA7D-5466-10F40F0DAD4F}"
EndProject
Project("{FAE04EC0-301F-11D3-BF4B-00C04F79EFBC}") = "PaymentService.Domain", "src\Services\PaymentService\PaymentService.Domain\PaymentService.Domain.csproj", "{B18AD649-D9D4-4048-9129-BD2760BCABA4}"
EndProject
Project("{FAE04EC0-301F-11D3-BF4B-00C04F79EFBC}") = "PaymentService.Application", "src\Services\PaymentService\PaymentService.Application\PaymentService.Application.csproj", "{111E7E09-27DD-4C34-858E-A2EF72E7200D}"
EndProject
Project("{FAE04EC0-301F-11D3-BF4B-00C04F79EFBC}") = "PaymentService.Infrastructure", "src\Services\PaymentService\PaymentService.Infrastructure\PaymentService.Infrastructure.csproj", "{7CC02AB7-BD3F-4DC6-9385-205451176DAF}"
EndProject
Project("{FAE04EC0-301F-11D3-BF4B-00C04F79EFBC}") = "PaymentService.Api", "src\Services\PaymentService\PaymentService.Api\PaymentService.Api.csproj", "{9F119AC9-8504-4F0E-8442-E1AAF6FCFDD8}"
EndProject
Project("{FAE04EC0-301F-11D3-BF4B-00C04F79EFBC}") = "NotificationService.Worker", "src\Services\NotificationService\NotificationService.Worker\NotificationService.Worker.csproj", "{0636EC47-D603-4C0F-867B-6CB7F0E5AD3B}"
EndProject
Project("{2150E333-8FDC-42A3-9474-1A3956D46DE8}") = "ApiGateway", "ApiGateway", "{FCA01246-F2C6-0AA7-D43F-FD13BE0B9D88}"
EndProject
Project("{FAE04EC0-301F-11D3-BF4B-00C04F79EFBC}") = "ApiGateway", "src\ApiGateway\ApiGateway\ApiGateway.csproj", "{5D37B35B-3CE5-4770-AFDB-41B4B14ED6AF}"
EndProject
Global
	GlobalSection(SolutionConfigurationPlatforms) = preSolution
		Debug|Any CPU = Debug|Any CPU
		Debug|x64 = Debug|x64
		Debug|x86 = Debug|x86
		Release|Any CPU = Release|Any CPU
		Release|x64 = Release|x64
		Release|x86 = Release|x86
	EndGlobalSection
	GlobalSection(ProjectConfigurationPlatforms) = postSolution
		{CE6922AC-7D7A-4F19-916E-D72AFDDD0BF0}.Debug|Any CPU.ActiveCfg = Debug|Any CPU
		{CE6922AC-7D7A-4F19-916E-D72AFDDD0BF0}.Debug|Any CPU.Build.0 = Debug|Any CPU
		{CE6922AC-7D7A-4F19-916E-D72AFDDD0BF0}.Debug|x64.ActiveCfg = Debug|Any CPU
		{CE6922AC-7D7A-4F19-916E-D72AFDDD0BF0}.Debug|x64.Build.0 = Debug|Any CPU
		{CE6922AC-7D7A-4F19-916E-D72AFDDD0BF0}.Debug|x86.ActiveCfg = Debug|Any CPU
		{CE6922AC-7D7A-4F19-916E-D72AFDDD0BF0}.Debug|x86.Build.0 = Debug|Any CPU
		{CE6922AC-7D7A-4F19-916E-D72AFDDD0BF0}.Release|Any CPU.ActiveCfg = Release|Any CPU
		{CE6922AC-7D7A-4F19-916E-D72AFDDD0BF0}.Release|Any CPU.Build.0 = Release|Any CPU
		{CE6922AC-7D7A-4F19-916E-D72AFDDD0BF0}.Release|x64.ActiveCfg = Release|Any CPU
		{CE6922AC-7D7A-4F19-916E-D72AFDDD0BF0}.Release|x64.Build.0 = Release|Any CPU
		{CE6922AC-7D7A-4F19-916E-D72AFDDD0BF0}.Release|x86.ActiveCfg = Release|Any CPU
		{CE6922AC-7D7A-4F19-916E-D72AFDDD0BF0}.Release|x86.Build.0 = Release|Any CPU
		{A54449A2-9B83-492C-B239-F2D683F78F7D}.Debug|Any CPU.ActiveCfg = Debug|Any CPU
		{A54449A2-9B83-492C-B239-F2D683F78F7D}.Debug|Any CPU.Build.0 = Debug|Any CPU
		{A54449A2-9B83-492C-B239-F2D683F78F7D}.Debug|x64.ActiveCfg = Debug|Any CPU
		{A54449A2-9B83-492C-B239-F2D683F78F7D}.Debug|x64.Build.0 = Debug|Any CPU
		{A54449A2-9B83-492C-B239-F2D683F78F7D}.Debug|x86.ActiveCfg = Debug|Any CPU
		{A54449A2-9B83-492C-B239-F2D683F78F7D}.Debug|x86.Build.0 = Debug|Any CPU
		{A54449A2-9B83-492C-B239-F2D683F78F7D}.Release|Any CPU.ActiveCfg = Release|Any CPU
		{A54449A2-9B83-492C-B239-F2D683F78F7D}.Release|Any CPU.Build.0 = Release|Any CPU
		{A54449A2-9B83-492C-B239-F2D683F78F7D}.Release|x64.ActiveCfg = Release|Any CPU
		{A54449A2-9B83-492C-B239-F2D683F78F7D}.Release|x64.Build.0 = Release|Any CPU
		{A54449A2-9B83-492C-B239-F2D683F78F7D}.Release|x86.ActiveCfg = Release|Any CPU
		{A54449A2-9B83-492C-B239-F2D683F78F7D}.Release|x86.Build.0 = Release|Any CPU
		{D034D3DB-C698-4186-82D3-1D4B01B6CDCB}.Debug|Any CPU.ActiveCfg = Debug|Any CPU
		{D034D3DB-C698-4186-82D3-1D4B01B6CDCB}.Debug|Any CPU.Build.0 = Debug|Any CPU
		{D034D3DB-C698-4186-82D3-1D4B01B6CDCB}.Debug|x64.ActiveCfg = Debug|Any CPU
		{D034D3DB-C698-4186-82D3-1D4B01B6CDCB}.Debug|x64.Build.0 = Debug|Any CPU
		{D034D3DB-C698-4186-82D3-1D4B01B6CDCB}.Debug|x86.ActiveCfg = Debug|Any CPU
		{D034D3DB-C698-4186-82D3-1D4B01B6CDCB}.Debug|x86.Build.0 = Debug|Any CPU
		{D034D3DB-C698-4186-82D3-1D4B01B6CDCB}.Release|Any CPU.ActiveCfg = Release|Any CPU
		{D034D3DB-C698-4186-82D3-1D4B01B6CDCB}.Release|Any CPU.Build.0 = Release|Any CPU
		{D034D3DB-C698-4186-82D3-1D4B01B6CDCB}.Release|x64.ActiveCfg = Release|Any CPU
		{D034D3DB-C698-4186-82D3-1D4B01B6CDCB}.Release|x64.Build.0 = Release|Any CPU
		{D034D3DB-C698-4186-82D3-1D4B01B6CDCB}.Release|x86.ActiveCfg = Release|Any CPU
		{D034D3DB-C698-4186-82D3-1D4B01B6CDCB}.Release|x86.Build.0 = Release|Any CPU
		{1D9BE668-5728-425C-B82D-AEA06D19DFA4}.Debug|Any CPU.ActiveCfg = Debug|Any CPU
		{1D9BE668-5728-425C-B82D-AEA06D19DFA4}.Debug|Any CPU.Build.0 = Debug|Any CPU
		{1D9BE668-5728-425C-B82D-AEA06D19DFA4}.Debug|x64.ActiveCfg = Debug|Any CPU
		{1D9BE668-5728-425C-B82D-AEA06D19DFA4}.Debug|x64.Build.0 = Debug|Any CPU
		{1D9BE668-5728-425C-B82D-AEA06D19DFA4}.Debug|x86.ActiveCfg = Debug|Any CPU
		{1D9BE668-5728-425C-B82D-AEA06D19DFA4}.Debug|x86.Build.0 = Debug|Any CPU
		{1D9BE668-5728-425C-B82D-AEA06D19DFA4}.Release|Any CPU.ActiveCfg = Release|Any CPU
		{1D9BE668-5728-425C-B82D-AEA06D19DFA4}.Release|Any CPU.Build.0 = Release|Any CPU
		{1D9BE668-5728-425C-B82D-AEA06D19DFA4}.Release|x64.ActiveCfg = Release|Any CPU
		{1D9BE668-5728-425C-B82D-AEA06D19DFA4}.Release|x64.Build.0 = Release|Any CPU
		{1D9BE668-5728-425C-B82D-AEA06D19DFA4}.Release|x86.ActiveCfg = Release|Any CPU
		{1D9BE668-5728-425C-B82D-AEA06D19DFA4}.Release|x86.Build.0 = Release|Any CPU
		{3451A6BB-7AAC-46FB-A50F-19A65C814E99}.Debug|Any CPU.ActiveCfg = Debug|Any CPU
		{3451A6BB-7AAC-46FB-A50F-19A65C814E99}.Debug|Any CPU.Build.0 = Debug|Any CPU
		{3451A6BB-7AAC-46FB-A50F-19A65C814E99}.Debug|x64.ActiveCfg = Debug|Any CPU
		{3451A6BB-7AAC-46FB-A50F-19A65C814E99}.Debug|x64.Build.0 = Debug|Any CPU
		{3451A6BB-7AAC-46FB-A50F-19A65C814E99}.Debug|x86.ActiveCfg = Debug|Any CPU
		{3451A6BB-7AAC-46FB-A50F-19A65C814E99}.Debug|x86.Build.0 = Debug|Any CPU
		{3451A6BB-7AAC-46FB-A50F-19A65C814E99}.Release|Any CPU.ActiveCfg = Release|Any CPU
		{3451A6BB-7AAC-46FB-A50F-19A65C814E99}.Release|Any CPU.Build.0 = Release|Any CPU
		{3451A6BB-7AAC-46FB-A50F-19A65C814E99}.Release|x64.ActiveCfg = Release|Any CPU
		{3451A6BB-7AAC-46FB-A50F-19A65C814E99}.Release|x64.Build.0 = Release|Any CPU
		{3451A6BB-7AAC-46FB-A50F-19A65C814E99}.Release|x86.ActiveCfg = Release|Any CPU
		{3451A6BB-7AAC-46FB-A50F-19A65C814E99}.Release|x86.Build.0 = Release|Any CPU
		{2D9D0E4E-FA09-4BFA-A6A5-B206EC3A59BB}.Debug|Any CPU.ActiveCfg = Debug|Any CPU
		{2D9D0E4E-FA09-4BFA-A6A5-B206EC3A59BB}.Debug|Any CPU.Build.0 = Debug|Any CPU
		{2D9D0E4E-FA09-4BFA-A6A5-B206EC3A59BB}.Debug|x64.ActiveCfg = Debug|Any CPU
		{2D9D0E4E-FA09-4BFA-A6A5-B206EC3A59BB}.Debug|x64.Build.0 = Debug|Any CPU
		{2D9D0E4E-FA09-4BFA-A6A5-B206EC3A59BB}.Debug|x86.ActiveCfg = Debug|Any CPU
		{2D9D0E4E-FA09-4BFA-A6A5-B206EC3A59BB}.Debug|x86.Build.0 = Debug|Any CPU
		{2D9D0E4E-FA09-4BFA-A6A5-B206EC3A59BB}.Release|Any CPU.ActiveCfg = Release|Any CPU
		{2D9D0E4E-FA09-4BFA-A6A5-B206EC3A59BB}.Release|Any CPU.Build.0 = Release|Any CPU
		{2D9D0E4E-FA09-4BFA-A6A5-B206EC3A59BB}.Release|x64.ActiveCfg = Release|Any CPU
		{2D9D0E4E-FA09-4BFA-A6A5-B206EC3A59BB}.Release|x64.Build.0 = Release|Any CPU
		{2D9D0E4E-FA09-4BFA-A6A5-B206EC3A59BB}.Release|x86.ActiveCfg = Release|Any CPU
		{2D9D0E4E-FA09-4BFA-A6A5-B206EC3A59BB}.Release|x86.Build.0 = Release|Any CPU
		{620BB8DD-8896-4E45-B26F-56B87E7DBBF4}.Debug|Any CPU.ActiveCfg = Debug|Any CPU
		{620BB8DD-8896-4E45-B26F-56B87E7DBBF4}.Debug|Any CPU.Build.0 = Debug|Any CPU
		{620BB8DD-8896-4E45-B26F-56B87E7DBBF4}.Debug|x64.ActiveCfg = Debug|Any CPU
		{620BB8DD-8896-4E45-B26F-56B87E7DBBF4}.Debug|x64.Build.0 = Debug|Any CPU
		{620BB8DD-8896-4E45-B26F-56B87E7DBBF4}.Debug|x86.ActiveCfg = Debug|Any CPU
		{620BB8DD-8896-4E45-B26F-56B87E7DBBF4}.Debug|x86.Build.0 = Debug|Any CPU
		{620BB8DD-8896-4E45-B26F-56B87E7DBBF4}.Release|Any CPU.ActiveCfg = Release|Any CPU
		{620BB8DD-8896-4E45-B26F-56B87E7DBBF4}.Release|Any CPU.Build.0 = Release|Any CPU
		{620BB8DD-8896-4E45-B26F-56B87E7DBBF4}.Release|x64.ActiveCfg = Release|Any CPU
		{620BB8DD-8896-4E45-B26F-56B87E7DBBF4}.Release|x64.Build.0 = Release|Any CPU
		{620BB8DD-8896-4E45-B26F-56B87E7DBBF4}.Release|x86.ActiveCfg = Release|Any CPU
		{620BB8DD-8896-4E45-B26F-56B87E7DBBF4}.Release|x86.Build.0 = Release|Any CPU
		{08FDF62A-90C9-41E5-AC51-8335036D5DA4}.Debug|Any CPU.ActiveCfg = Debug|Any CPU
		{08FDF62A-90C9-41E5-AC51-8335036D5DA4}.Debug|Any CPU.Build.0 = Debug|Any CPU
		{08FDF62A-90C9-41E5-AC51-8335036D5DA4}.Debug|x64.ActiveCfg = Debug|Any CPU
		{08FDF62A-90C9-41E5-AC51-8335036D5DA4}.Debug|x64.Build.0 = Debug|Any CPU
		{08FDF62A-90C9-41E5-AC51-8335036D5DA4}.Debug|x86.ActiveCfg = Debug|Any CPU
		{08FDF62A-90C9-41E5-AC51-8335036D5DA4}.Debug|x86.Build.0 = Debug|Any CPU
		{08FDF62A-90C9-41E5-AC51-8335036D5DA4}.Release|Any CPU.ActiveCfg = Release|Any CPU
		{08FDF62A-90C9-41E5-AC51-8335036D5DA4}.Release|Any CPU.Build.0 = Release|Any CPU
		{08FDF62A-90C9-41E5-AC51-8335036D5DA4}.Release|x64.ActiveCfg = Release|Any CPU
		{08FDF62A-90C9-41E5-AC51-8335036D5DA4}.Release|x64.Build.0 = Release|Any CPU
		{08FDF62A-90C9-41E5-AC51-8335036D5DA4}.Release|x86.ActiveCfg = Release|Any CPU
		{08FDF62A-90C9-41E5-AC51-8335036D5DA4}.Release|x86.Build.0 = Release|Any CPU
		{875DFBF7-D6D4-491D-AA4F-E85A00243AEB}.Debug|Any CPU.ActiveCfg = Debug|Any CPU
		{875DFBF7-D6D4-491D-AA4F-E85A00243AEB}.Debug|Any CPU.Build.0 = Debug|Any CPU
		{875DFBF7-D6D4-491D-AA4F-E85A00243AEB}.Debug|x64.ActiveCfg = Debug|Any CPU
		{875DFBF7-D6D4-491D-AA4F-E85A00243AEB}.Debug|x64.Build.0 = Debug|Any CPU
		{875DFBF7-D6D4-491D-AA4F-E85A00243AEB}.Debug|x86.ActiveCfg = Debug|Any CPU
		{875DFBF7-D6D4-491D-AA4F-E85A00243AEB}.Debug|x86.Build.0 = Debug|Any CPU
		{875DFBF7-D6D4-491D-AA4F-E85A00243AEB}.Release|Any CPU.ActiveCfg = Release|Any CPU
		{875DFBF7-D6D4-491D-AA4F-E85A00243AEB}.Release|Any CPU.Build.0 = Release|Any CPU
		{875DFBF7-D6D4-491D-AA4F-E85A00243AEB}.Release|x64.ActiveCfg = Release|Any CPU
		{875DFBF7-D6D4-491D-AA4F-E85A00243AEB}.Release|x64.Build.0 = Release|Any CPU
		{875DFBF7-D6D4-491D-AA4F-E85A00243AEB}.Release|x86.ActiveCfg = Release|Any CPU
		{875DFBF7-D6D4-491D-AA4F-E85A00243AEB}.Release|x86.Build.0 = Release|Any CPU
		{5F4A682E-B132-495A-8235-1337354B9127}.Debug|Any CPU.ActiveCfg = Debug|Any CPU
		{5F4A682E-B132-495A-8235-1337354B9127}.Debug|Any CPU.Build.0 = Debug|Any CPU
		{5F4A682E-B132-495A-8235-1337354B9127}.Debug|x64.ActiveCfg = Debug|Any CPU
		{5F4A682E-B132-495A-8235-1337354B9127}.Debug|x64.Build.0 = Debug|Any CPU
		{5F4A682E-B132-495A-8235-1337354B9127}.Debug|x86.ActiveCfg = Debug|Any CPU
		{5F4A682E-B132-495A-8235-1337354B9127}.Debug|x86.Build.0 = Debug|Any CPU
		{5F4A682E-B132-495A-8235-1337354B9127}.Release|Any CPU.ActiveCfg = Release|Any CPU
		{5F4A682E-B132-495A-8235-1337354B9127}.Release|Any CPU.Build.0 = Release|Any CPU
		{5F4A682E-B132-495A-8235-1337354B9127}.Release|x64.ActiveCfg = Release|Any CPU
		{5F4A682E-B132-495A-8235-1337354B9127}.Release|x64.Build.0 = Release|Any CPU
		{5F4A682E-B132-495A-8235-1337354B9127}.Release|x86.ActiveCfg = Release|Any CPU
		{5F4A682E-B132-495A-8235-1337354B9127}.Release|x86.Build.0 = Release|Any CPU
		{DB6CAE44-C097-403D-9789-B9658E76009B}.Debug|Any CPU.ActiveCfg = Debug|Any CPU
		{DB6CAE44-C097-403D-9789-B9658E76009B}.Debug|Any CPU.Build.0 = Debug|Any CPU
		{DB6CAE44-C097-403D-9789-B9658E76009B}.Debug|x64.ActiveCfg = Debug|Any CPU
		{DB6CAE44-C097-403D-9789-B9658E76009B}.Debug|x64.Build.0 = Debug|Any CPU
		{DB6CAE44-C097-403D-9789-B9658E76009B}.Debug|x86.ActiveCfg = Debug|Any CPU
		{DB6CAE44-C097-403D-9789-B9658E76009B}.Debug|x86.Build.0 = Debug|Any CPU
		{DB6CAE44-C097-403D-9789-B9658E76009B}.Release|Any CPU.ActiveCfg = Release|Any CPU
		{DB6CAE44-C097-403D-9789-B9658E76009B}.Release|Any CPU.Build.0 = Release|Any CPU
		{DB6CAE44-C097-403D-9789-B9658E76009B}.Release|x64.ActiveCfg = Release|Any CPU
		{DB6CAE44-C097-403D-9789-B9658E76009B}.Release|x64.Build.0 = Release|Any CPU
		{DB6CAE44-C097-403D-9789-B9658E76009B}.Release|x86.ActiveCfg = Release|Any CPU
		{DB6CAE44-C097-403D-9789-B9658E76009B}.Release|x86.Build.0 = Release|Any CPU
		{3C3B11D2-CB91-483E-891B-4D197B048609}.Debug|Any CPU.ActiveCfg = Debug|Any CPU
		{3C3B11D2-CB91-483E-891B-4D197B048609}.Debug|Any CPU.Build.0 = Debug|Any CPU
		{3C3B11D2-CB91-483E-891B-4D197B048609}.Debug|x64.ActiveCfg = Debug|Any CPU
		{3C3B11D2-CB91-483E-891B-4D197B048609}.Debug|x64.Build.0 = Debug|Any CPU
		{3C3B11D2-CB91-483E-891B-4D197B048609}.Debug|x86.ActiveCfg = Debug|Any CPU
		{3C3B11D2-CB91-483E-891B-4D197B048609}.Debug|x86.Build.0 = Debug|Any CPU
		{3C3B11D2-CB91-483E-891B-4D197B048609}.Release|Any CPU.ActiveCfg = Release|Any CPU
		{3C3B11D2-CB91-483E-891B-4D197B048609}.Release|Any CPU.Build.0 = Release|Any CPU
		{3C3B11D2-CB91-483E-891B-4D197B048609}.Release|x64.ActiveCfg = Release|Any CPU
		{3C3B11D2-CB91-483E-891B-4D197B048609}.Release|x64.Build.0 = Release|Any CPU
		{3C3B11D2-CB91-483E-891B-4D197B048609}.Release|x86.ActiveCfg = Release|Any CPU
		{3C3B11D2-CB91-483E-891B-4D197B048609}.Release|x86.Build.0 = Release|Any CPU
		{32E025D2-9DA9-4443-B9BB-03E52596362F}.Debug|Any CPU.ActiveCfg = Debug|Any CPU
		{32E025D2-9DA9-4443-B9BB-03E52596362F}.Debug|Any CPU.Build.0 = Debug|Any CPU
		{32E025D2-9DA9-4443-B9BB-03E52596362F}.Debug|x64.ActiveCfg = Debug|Any CPU
		{32E025D2-9DA9-4443-B9BB-03E52596362F}.Debug|x64.Build.0 = Debug|Any CPU
		{32E025D2-9DA9-4443-B9BB-03E52596362F}.Debug|x86.ActiveCfg = Debug|Any CPU
		{32E025D2-9DA9-4443-B9BB-03E52596362F}.Debug|x86.Build.0 = Debug|Any CPU
		{32E025D2-9DA9-4443-B9BB-03E52596362F}.Release|Any CPU.ActiveCfg = Release|Any CPU
		{32E025D2-9DA9-4443-B9BB-03E52596362F}.Release|Any CPU.Build.0 = Release|Any CPU
		{32E025D2-9DA9-4443-B9BB-03E52596362F}.Release|x64.ActiveCfg = Release|Any CPU
		{32E025D2-9DA9-4443-B9BB-03E52596362F}.Release|x64.Build.0 = Release|Any CPU
		{32E025D2-9DA9-4443-B9BB-03E52596362F}.Release|x86.ActiveCfg = Release|Any CPU
		{32E025D2-9DA9-4443-B9BB-03E52596362F}.Release|x86.Build.0 = Release|Any CPU
		{49B5F781-6FCE-4F22-84B3-1D0989194EDE}.Debug|Any CPU.ActiveCfg = Debug|Any CPU
		{49B5F781-6FCE-4F22-84B3-1D0989194EDE}.Debug|Any CPU.Build.0 = Debug|Any CPU
		{49B5F781-6FCE-4F22-84B3-1D0989194EDE}.Debug|x64.ActiveCfg = Debug|Any CPU
		{49B5F781-6FCE-4F22-84B3-1D0989194EDE}.Debug|x64.Build.0 = Debug|Any CPU
		{49B5F781-6FCE-4F22-84B3-1D0989194EDE}.Debug|x86.ActiveCfg = Debug|Any CPU
		{49B5F781-6FCE-4F22-84B3-1D0989194EDE}.Debug|x86.Build.0 = Debug|Any CPU
		{49B5F781-6FCE-4F22-84B3-1D0989194EDE}.Release|Any CPU.ActiveCfg = Release|Any CPU
		{49B5F781-6FCE-4F22-84B3-1D0989194EDE}.Release|Any CPU.Build.0 = Release|Any CPU
		{49B5F781-6FCE-4F22-84B3-1D0989194EDE}.Release|x64.ActiveCfg = Release|Any CPU
		{49B5F781-6FCE-4F22-84B3-1D0989194EDE}.Release|x64.Build.0 = Release|Any CPU
		{49B5F781-6FCE-4F22-84B3-1D0989194EDE}.Release|x86.ActiveCfg = Release|Any CPU
		{49B5F781-6FCE-4F22-84B3-1D0989194EDE}.Release|x86.Build.0 = Release|Any CPU
		{621DFE89-E238-4F12-AC1D-7DF6BF7E2147}.Debug|Any CPU.ActiveCfg = Debug|Any CPU
		{621DFE89-E238-4F12-AC1D-7DF6BF7E2147}.Debug|Any CPU.Build.0 = Debug|Any CPU
		{621DFE89-E238-4F12-AC1D-7DF6BF7E2147}.Debug|x64.ActiveCfg = Debug|Any CPU
		{621DFE89-E238-4F12-AC1D-7DF6BF7E2147}.Debug|x64.Build.0 = Debug|Any CPU
		{621DFE89-E238-4F12-AC1D-7DF6BF7E2147}.Debug|x86.ActiveCfg = Debug|Any CPU
		{621DFE89-E238-4F12-AC1D-7DF6BF7E2147}.Debug|x86.Build.0 = Debug|Any CPU
		{621DFE89-E238-4F12-AC1D-7DF6BF7E2147}.Release|Any CPU.ActiveCfg = Release|Any CPU
		{621DFE89-E238-4F12-AC1D-7DF6BF7E2147}.Release|Any CPU.Build.0 = Release|Any CPU
		{621DFE89-E238-4F12-AC1D-7DF6BF7E2147}.Release|x64.ActiveCfg = Release|Any CPU
		{621DFE89-E238-4F12-AC1D-7DF6BF7E2147}.Release|x64.Build.0 = Release|Any CPU
		{621DFE89-E238-4F12-AC1D-7DF6BF7E2147}.Release|x86.ActiveCfg = Release|Any CPU
		{621DFE89-E238-4F12-AC1D-7DF6BF7E2147}.Release|x86.Build.0 = Release|Any CPU
		{F1369FBF-58BD-4EF9-BB44-7BC7F60EFC06}.Debug|Any CPU.ActiveCfg = Debug|Any CPU
		{F1369FBF-58BD-4EF9-BB44-7BC7F60EFC06}.Debug|Any CPU.Build.0 = Debug|Any CPU
		{F1369FBF-58BD-4EF9-BB44-7BC7F60EFC06}.Debug|x64.ActiveCfg = Debug|Any CPU
		{F1369FBF-58BD-4EF9-BB44-7BC7F60EFC06}.Debug|x64.Build.0 = Debug|Any CPU
		{F1369FBF-58BD-4EF9-BB44-7BC7F60EFC06}.Debug|x86.ActiveCfg = Debug|Any CPU
		{F1369FBF-58BD-4EF9-BB44-7BC7F60EFC06}.Debug|x86.Build.0 = Debug|Any CPU
		{F1369FBF-58BD-4EF9-BB44-7BC7F60EFC06}.Release|Any CPU.ActiveCfg = Release|Any CPU
		{F1369FBF-58BD-4EF9-BB44-7BC7F60EFC06}.Release|Any CPU.Build.0 = Release|Any CPU
		{F1369FBF-58BD-4EF9-BB44-7BC7F60EFC06}.Release|x64.ActiveCfg = Release|Any CPU
		{F1369FBF-58BD-4EF9-BB44-7BC7F60EFC06}.Release|x64.Build.0 = Release|Any CPU
		{F1369FBF-58BD-4EF9-BB44-7BC7F60EFC06}.Release|x86.ActiveCfg = Release|Any CPU
		{F1369FBF-58BD-4EF9-BB44-7BC7F60EFC06}.Release|x86.Build.0 = Release|Any CPU
		{C2959D80-0FAF-4C45-B092-91FB58BA4E60}.Debug|Any CPU.ActiveCfg = Debug|Any CPU
		{C2959D80-0FAF-4C45-B092-91FB58BA4E60}.Debug|Any CPU.Build.0 = Debug|Any CPU
		{C2959D80-0FAF-4C45-B092-91FB58BA4E60}.Debug|x64.ActiveCfg = Debug|Any CPU
		{C2959D80-0FAF-4C45-B092-91FB58BA4E60}.Debug|x64.Build.0 = Debug|Any CPU
		{C2959D80-0FAF-4C45-B092-91FB58BA4E60}.Debug|x86.ActiveCfg = Debug|Any CPU
		{C2959D80-0FAF-4C45-B092-91FB58BA4E60}.Debug|x86.Build.0 = Debug|Any CPU
		{C2959D80-0FAF-4C45-B092-91FB58BA4E60}.Release|Any CPU.ActiveCfg = Release|Any CPU
		{C2959D80-0FAF-4C45-B092-91FB58BA4E60}.Release|Any CPU.Build.0 = Release|Any CPU
		{C2959D80-0FAF-4C45-B092-91FB58BA4E60}.Release|x64.ActiveCfg = Release|Any CPU
		{C2959D80-0FAF-4C45-B092-91FB58BA4E60}.Release|x64.Build.0 = Release|Any CPU
		{C2959D80-0FAF-4C45-B092-91FB58BA4E60}.Release|x86.ActiveCfg = Release|Any CPU
		{C2959D80-0FAF-4C45-B092-91FB58BA4E60}.Release|x86.Build.0 = Release|Any CPU
		{5ED29BC2-2E82-4229-AE7A-2313BE027007}.Debug|Any CPU.ActiveCfg = Debug|Any CPU
		{5ED29BC2-2E82-4229-AE7A-2313BE027007}.Debug|Any CPU.Build.0 = Debug|Any CPU
		{5ED29BC2-2E82-4229-AE7A-2313BE027007}.Debug|x64.ActiveCfg = Debug|Any CPU
		{5ED29BC2-2E82-4229-AE7A-2313BE027007}.Debug|x64.Build.0 = Debug|Any CPU
		{5ED29BC2-2E82-4229-AE7A-2313BE027007}.Debug|x86.ActiveCfg = Debug|Any CPU
		{5ED29BC2-2E82-4229-AE7A-2313BE027007}.Debug|x86.Build.0 = Debug|Any CPU
		{5ED29BC2-2E82-4229-AE7A-2313BE027007}.Release|Any CPU.ActiveCfg = Release|Any CPU
		{5ED29BC2-2E82-4229-AE7A-2313BE027007}.Release|Any CPU.Build.0 = Release|Any CPU
		{5ED29BC2-2E82-4229-AE7A-2313BE027007}.Release|x64.ActiveCfg = Release|Any CPU
		{5ED29BC2-2E82-4229-AE7A-2313BE027007}.Release|x64.Build.0 = Release|Any CPU
		{5ED29BC2-2E82-4229-AE7A-2313BE027007}.Release|x86.ActiveCfg = Release|Any CPU
		{5ED29BC2-2E82-4229-AE7A-2313BE027007}.Release|x86.Build.0 = Release|Any CPU
		{0B809EDB-37AB-43D9-9F87-233FE3E60E18}.Debug|Any CPU.ActiveCfg = Debug|Any CPU
		{0B809EDB-37AB-43D9-9F87-233FE3E60E18}.Debug|Any CPU.Build.0 = Debug|Any CPU
		{0B809EDB-37AB-43D9-9F87-233FE3E60E18}.Debug|x64.ActiveCfg = Debug|Any CPU
		{0B809EDB-37AB-43D9-9F87-233FE3E60E18}.Debug|x64.Build.0 = Debug|Any CPU
		{0B809EDB-37AB-43D9-9F87-233FE3E60E18}.Debug|x86.ActiveCfg = Debug|Any CPU
		{0B809EDB-37AB-43D9-9F87-233FE3E60E18}.Debug|x86.Build.0 = Debug|Any CPU
		{0B809EDB-37AB-43D9-9F87-233FE3E60E18}.Release|Any CPU.ActiveCfg = Release|Any CPU
		{0B809EDB-37AB-43D9-9F87-233FE3E60E18}.Release|Any CPU.Build.0 = Release|Any CPU
		{0B809EDB-37AB-43D9-9F87-233FE3E60E18}.Release|x64.ActiveCfg = Release|Any CPU
		{0B809EDB-37AB-43D9-9F87-233FE3E60E18}.Release|x64.Build.0 = Release|Any CPU
		{0B809EDB-37AB-43D9-9F87-233FE3E60E18}.Release|x86.ActiveCfg = Release|Any CPU
		{0B809EDB-37AB-43D9-9F87-233FE3E60E18}.Release|x86.Build.0 = Release|Any CPU
		{7E57B9DB-EA94-4C10-9603-BB9CAB7CC69F}.Debug|Any CPU.ActiveCfg = Debug|Any CPU
		{7E57B9DB-EA94-4C10-9603-BB9CAB7CC69F}.Debug|Any CPU.Build.0 = Debug|Any CPU
		{7E57B9DB-EA94-4C10-9603-BB9CAB7CC69F}.Debug|x64.ActiveCfg = Debug|Any CPU
		{7E57B9DB-EA94-4C10-9603-BB9CAB7CC69F}.Debug|x64.Build.0 = Debug|Any CPU
		{7E57B9DB-EA94-4C10-9603-BB9CAB7CC69F}.Debug|x86.ActiveCfg = Debug|Any CPU
		{7E57B9DB-EA94-4C10-9603-BB9CAB7CC69F}.Debug|x86.Build.0 = Debug|Any CPU
		{7E57B9DB-EA94-4C10-9603-BB9CAB7CC69F}.Release|Any CPU.ActiveCfg = Release|Any CPU
		{7E57B9DB-EA94-4C10-9603-BB9CAB7CC69F}.Release|Any CPU.Build.0 = Release|Any CPU
		{7E57B9DB-EA94-4C10-9603-BB9CAB7CC69F}.Release|x64.ActiveCfg = Release|Any CPU
		{7E57B9DB-EA94-4C10-9603-BB9CAB7CC69F}.Release|x64.Build.0 = Release|Any CPU
		{7E57B9DB-EA94-4C10-9603-BB9CAB7CC69F}.Release|x86.ActiveCfg = Release|Any CPU
		{7E57B9DB-EA94-4C10-9603-BB9CAB7CC69F}.Release|x86.Build.0 = Release|Any CPU
		{9D604EE7-83F8-4DB4-8912-AD62C57482F6}.Debug|Any CPU.ActiveCfg = Debug|Any CPU
		{9D604EE7-83F8-4DB4-8912-AD62C57482F6}.Debug|Any CPU.Build.0 = Debug|Any CPU
		{9D604EE7-83F8-4DB4-8912-AD62C57482F6}.Debug|x64.ActiveCfg = Debug|Any CPU
		{9D604EE7-83F8-4DB4-8912-AD62C57482F6}.Debug|x64.Build.0 = Debug|Any CPU
		{9D604EE7-83F8-4DB4-8912-AD62C57482F6}.Debug|x86.ActiveCfg = Debug|Any CPU
		{9D604EE7-83F8-4DB4-8912-AD62C57482F6}.Debug|x86.Build.0 = Debug|Any CPU
		{9D604EE7-83F8-4DB4-8912-AD62C57482F6}.Release|Any CPU.ActiveCfg = Release|Any CPU
		{9D604EE7-83F8-4DB4-8912-AD62C57482F6}.Release|Any CPU.Build.0 = Release|Any CPU
		{9D604EE7-83F8-4DB4-8912-AD62C57482F6}.Release|x64.ActiveCfg = Release|Any CPU
		{9D604EE7-83F8-4DB4-8912-AD62C57482F6}.Release|x64.Build.0 = Release|Any CPU
		{9D604EE7-83F8-4DB4-8912-AD62C57482F6}.Release|x86.ActiveCfg = Release|Any CPU
		{9D604EE7-83F8-4DB4-8912-AD62C57482F6}.Release|x86.Build.0 = Release|Any CPU
		{98FBA01A-E972-4311-AE5A-AD1A7DE5FB98}.Debug|Any CPU.ActiveCfg = Debug|Any CPU
		{98FBA01A-E972-4311-AE5A-AD1A7DE5FB98}.Debug|Any CPU.Build.0 = Debug|Any CPU
		{98FBA01A-E972-4311-AE5A-AD1A7DE5FB98}.Debug|x64.ActiveCfg = Debug|Any CPU
		{98FBA01A-E972-4311-AE5A-AD1A7DE5FB98}.Debug|x64.Build.0 = Debug|Any CPU
		{98FBA01A-E972-4311-AE5A-AD1A7DE5FB98}.Debug|x86.ActiveCfg = Debug|Any CPU
		{98FBA01A-E972-4311-AE5A-AD1A7DE5FB98}.Debug|x86.Build.0 = Debug|Any CPU
		{98FBA01A-E972-4311-AE5A-AD1A7DE5FB98}.Release|Any CPU.ActiveCfg = Release|Any CPU
		{98FBA01A-E972-4311-AE5A-AD1A7DE5FB98}.Release|Any CPU.Build.0 = Release|Any CPU
		{98FBA01A-E972-4311-AE5A-AD1A7DE5FB98}.Release|x64.ActiveCfg = Release|Any CPU
		{98FBA01A-E972-4311-AE5A-AD1A7DE5FB98}.Release|x64.Build.0 = Release|Any CPU
		{98FBA01A-E972-4311-AE5A-AD1A7DE5FB98}.Release|x86.ActiveCfg = Release|Any CPU
		{98FBA01A-E972-4311-AE5A-AD1A7DE5FB98}.Release|x86.Build.0 = Release|Any CPU
		{6AA108A8-C474-4D7C-AC30-8B8525EDD33B}.Debug|Any CPU.ActiveCfg = Debug|Any CPU
		{6AA108A8-C474-4D7C-AC30-8B8525EDD33B}.Debug|Any CPU.Build.0 = Debug|Any CPU
		{6AA108A8-C474-4D7C-AC30-8B8525EDD33B}.Debug|x64.ActiveCfg = Debug|Any CPU
		{6AA108A8-C474-4D7C-AC30-8B8525EDD33B}.Debug|x64.Build.0 = Debug|Any CPU
		{6AA108A8-C474-4D7C-AC30-8B8525EDD33B}.Debug|x86.ActiveCfg = Debug|Any CPU
		{6AA108A8-C474-4D7C-AC30-8B8525EDD33B}.Debug|x86.Build.0 = Debug|Any CPU
		{6AA108A8-C474-4D7C-AC30-8B8525EDD33B}.Release|Any CPU.ActiveCfg = Release|Any CPU
		{6AA108A8-C474-4D7C-AC30-8B8525EDD33B}.Release|Any CPU.Build.0 = Release|Any CPU
		{6AA108A8-C474-4D7C-AC30-8B8525EDD33B}.Release|x64.ActiveCfg = Release|Any CPU
		{6AA108A8-C474-4D7C-AC30-8B8525EDD33B}.Release|x64.Build.0 = Release|Any CPU
		{6AA108A8-C474-4D7C-AC30-8B8525EDD33B}.Release|x86.ActiveCfg = Release|Any CPU
		{6AA108A8-C474-4D7C-AC30-8B8525EDD33B}.Release|x86.Build.0 = Release|Any CPU
		{9901BDAA-1D80-48B7-897B-0813B58D3241}.Debug|Any CPU.ActiveCfg = Debug|Any CPU
		{9901BDAA-1D80-48B7-897B-0813B58D3241}.Debug|Any CPU.Build.0 = Debug|Any CPU
		{9901BDAA-1D80-48B7-897B-0813B58D3241}.Debug|x64.ActiveCfg = Debug|Any CPU
		{9901BDAA-1D80-48B7-897B-0813B58D3241}.Debug|x64.Build.0 = Debug|Any CPU
		{9901BDAA-1D80-48B7-897B-0813B58D3241}.Debug|x86.ActiveCfg = Debug|Any CPU
		{9901BDAA-1D80-48B7-897B-0813B58D3241}.Debug|x86.Build.0 = Debug|Any CPU
		{9901BDAA-1D80-48B7-897B-0813B58D3241}.Release|Any CPU.ActiveCfg = Release|Any CPU
		{9901BDAA-1D80-48B7-897B-0813B58D3241}.Release|Any CPU.Build.0 = Release|Any CPU
		{9901BDAA-1D80-48B7-897B-0813B58D3241}.Release|x64.ActiveCfg = Release|Any CPU
		{9901BDAA-1D80-48B7-897B-0813B58D3241}.Release|x64.Build.0 = Release|Any CPU
		{9901BDAA-1D80-48B7-897B-0813B58D3241}.Release|x86.ActiveCfg = Release|Any CPU
		{9901BDAA-1D80-48B7-897B-0813B58D3241}.Release|x86.Build.0 = Release|Any CPU
		{B18AD649-D9D4-4048-9129-BD2760BCABA4}.Debug|Any CPU.ActiveCfg = Debug|Any CPU
		{B18AD649-D9D4-4048-9129-BD2760BCABA4}.Debug|Any CPU.Build.0 = Debug|Any CPU
		{B18AD649-D9D4-4048-9129-BD2760BCABA4}.Debug|x64.ActiveCfg = Debug|Any CPU
		{B18AD649-D9D4-4048-9129-BD2760BCABA4}.Debug|x64.Build.0 = Debug|Any CPU
		{B18AD649-D9D4-4048-9129-BD2760BCABA4}.Debug|x86.ActiveCfg = Debug|Any CPU
		{B18AD649-D9D4-4048-9129-BD2760BCABA4}.Debug|x86.Build.0 = Debug|Any CPU
		{B18AD649-D9D4-4048-9129-BD2760BCABA4}.Release|Any CPU.ActiveCfg = Release|Any CPU
		{B18AD649-D9D4-4048-9129-BD2760BCABA4}.Release|Any CPU.Build.0 = Release|Any CPU
		{B18AD649-D9D4-4048-9129-BD2760BCABA4}.Release|x64.ActiveCfg = Release|Any CPU
		{B18AD649-D9D4-4048-9129-BD2760BCABA4}.Release|x64.Build.0 = Release|Any CPU
		{B18AD649-D9D4-4048-9129-BD2760BCABA4}.Release|x86.ActiveCfg = Release|Any CPU
		{B18AD649-D9D4-4048-9129-BD2760BCABA4}.Release|x86.Build.0 = Release|Any CPU
		{111E7E09-27DD-4C34-858E-A2EF72E7200D}.Debug|Any CPU.ActiveCfg = Debug|Any CPU
		{111E7E09-27DD-4C34-858E-A2EF72E7200D}.Debug|Any CPU.Build.0 = Debug|Any CPU
		{111E7E09-27DD-4C34-858E-A2EF72E7200D}.Debug|x64.ActiveCfg = Debug|Any CPU
		{111E7E09-27DD-4C34-858E-A2EF72E7200D}.Debug|x64.Build.0 = Debug|Any CPU
		{111E7E09-27DD-4C34-858E-A2EF72E7200D}.Debug|x86.ActiveCfg = Debug|Any CPU
		{111E7E09-27DD-4C34-858E-A2EF72E7200D}.Debug|x86.Build.0 = Debug|Any CPU
		{111E7E09-27DD-4C34-858E-A2EF72E7200D}.Release|Any CPU.ActiveCfg = Release|Any CPU
		{111E7E09-27DD-4C34-858E-A2EF72E7200D}.Release|Any CPU.Build.0 = Release|Any CPU
		{111E7E09-27DD-4C34-858E-A2EF72E7200D}.Release|x64.ActiveCfg = Release|Any CPU
		{111E7E09-27DD-4C34-858E-A2EF72E7200D}.Release|x64.Build.0 = Release|Any CPU
		{111E7E09-27DD-4C34-858E-A2EF72E7200D}.Release|x86.ActiveCfg = Release|Any CPU
		{111E7E09-27DD-4C34-858E-A2EF72E7200D}.Release|x86.Build.0 = Release|Any CPU
		{7CC02AB7-BD3F-4DC6-9385-205451176DAF}.Debug|Any CPU.ActiveCfg = Debug|Any CPU
		{7CC02AB7-BD3F-4DC6-9385-205451176DAF}.Debug|Any CPU.Build.0 = Debug|Any CPU
		{7CC02AB7-BD3F-4DC6-9385-205451176DAF}.Debug|x64.ActiveCfg = Debug|Any CPU
		{7CC02AB7-BD3F-4DC6-9385-205451176DAF}.Debug|x64.Build.0 = Debug|Any CPU
		{7CC02AB7-BD3F-4DC6-9385-205451176DAF}.Debug|x86.ActiveCfg = Debug|Any CPU
		{7CC02AB7-BD3F-4DC6-9385-205451176DAF}.Debug|x86.Build.0 = Debug|Any CPU
		{7CC02AB7-BD3F-4DC6-9385-205451176DAF}.Release|Any CPU.ActiveCfg = Release|Any CPU
		{7CC02AB7-BD3F-4DC6-9385-205451176DAF}.Release|Any CPU.Build.0 = Release|Any CPU
		{7CC02AB7-BD3F-4DC6-9385-205451176DAF}.Release|x64.ActiveCfg = Release|Any CPU
		{7CC02AB7-BD3F-4DC6-9385-205451176DAF}.Release|x64.Build.0 = Release|Any CPU
		{7CC02AB7-BD3F-4DC6-9385-205451176DAF}.Release|x86.ActiveCfg = Release|Any CPU
		{7CC02AB7-BD3F-4DC6-9385-205451176DAF}.Release|x86.Build.0 = Release|Any CPU
		{9F119AC9-8504-4F0E-8442-E1AAF6FCFDD8}.Debug|Any CPU.ActiveCfg = Debug|Any CPU
		{9F119AC9-8504-4F0E-8442-E1AAF6FCFDD8}.Debug|Any CPU.Build.0 = Debug|Any CPU
		{9F119AC9-8504-4F0E-8442-E1AAF6FCFDD8}.Debug|x64.ActiveCfg = Debug|Any CPU
		{9F119AC9-8504-4F0E-8442-E1AAF6FCFDD8}.Debug|x64.Build.0 = Debug|Any CPU
		{9F119AC9-8504-4F0E-8442-E1AAF6FCFDD8}.Debug|x86.ActiveCfg = Debug|Any CPU
		{9F119AC9-8504-4F0E-8442-E1AAF6FCFDD8}.Debug|x86.Build.0 = Debug|Any CPU
		{9F119AC9-8504-4F0E-8442-E1AAF6FCFDD8}.Release|Any CPU.ActiveCfg = Release|Any CPU
		{9F119AC9-8504-4F0E-8442-E1AAF6FCFDD8}.Release|Any CPU.Build.0 = Release|Any CPU
		{9F119AC9-8504-4F0E-8442-E1AAF6FCFDD8}.Release|x64.ActiveCfg = Release|Any CPU
		{9F119AC9-8504-4F0E-8442-E1AAF6FCFDD8}.Release|x64.Build.0 = Release|Any CPU
		{9F119AC9-8504-4F0E-8442-E1AAF6FCFDD8}.Release|x86.ActiveCfg = Release|Any CPU
		{9F119AC9-8504-4F0E-8442-E1AAF6FCFDD8}.Release|x86.Build.0 = Release|Any CPU
		{0636EC47-D603-4C0F-867B-6CB7F0E5AD3B}.Debug|Any CPU.ActiveCfg = Debug|Any CPU
		{0636EC47-D603-4C0F-867B-6CB7F0E5AD3B}.Debug|Any CPU.Build.0 = Debug|Any CPU
		{0636EC47-D603-4C0F-867B-6CB7F0E5AD3B}.Debug|x64.ActiveCfg = Debug|Any CPU
		{0636EC47-D603-4C0F-867B-6CB7F0E5AD3B}.Debug|x64.Build.0 = Debug|Any CPU
		{0636EC47-D603-4C0F-867B-6CB7F0E5AD3B}.Debug|x86.ActiveCfg = Debug|Any CPU
		{0636EC47-D603-4C0F-867B-6CB7F0E5AD3B}.Debug|x86.Build.0 = Debug|Any CPU
		{0636EC47-D603-4C0F-867B-6CB7F0E5AD3B}.Release|Any CPU.ActiveCfg = Release|Any CPU
		{0636EC47-D603-4C0F-867B-6CB7F0E5AD3B}.Release|Any CPU.Build.0 = Release|Any CPU
		{0636EC47-D603-4C0F-867B-6CB7F0E5AD3B}.Release|x64.ActiveCfg = Release|Any CPU
		{0636EC47-D603-4C0F-867B-6CB7F0E5AD3B}.Release|x64.Build.0 = Release|Any CPU
		{0636EC47-D603-4C0F-867B-6CB7F0E5AD3B}.Release|x86.ActiveCfg = Release|Any CPU
		{0636EC47-D603-4C0F-867B-6CB7F0E5AD3B}.Release|x86.Build.0 = Release|Any CPU
		{5D37B35B-3CE5-4770-AFDB-41B4B14ED6AF}.Debug|Any CPU.ActiveCfg = Debug|Any CPU
		{5D37B35B-3CE5-4770-AFDB-41B4B14ED6AF}.Debug|Any CPU.Build.0 = Debug|Any CPU
		{5D37B35B-3CE5-4770-AFDB-41B4B14ED6AF}.Debug|x64.ActiveCfg = Debug|Any CPU
		{5D37B35B-3CE5-4770-AFDB-41B4B14ED6AF}.Debug|x64.Build.0 = Debug|Any CPU
		{5D37B35B-3CE5-4770-AFDB-41B4B14ED6AF}.Debug|x86.ActiveCfg = Debug|Any CPU
		{5D37B35B-3CE5-4770-AFDB-41B4B14ED6AF}.Debug|x86.Build.0 = Debug|Any CPU
		{5D37B35B-3CE5-4770-AFDB-41B4B14ED6AF}.Release|Any CPU.ActiveCfg = Release|Any CPU
		{5D37B35B-3CE5-4770-AFDB-41B4B14ED6AF}.Release|Any CPU.Build.0 = Release|Any CPU
		{5D37B35B-3CE5-4770-AFDB-41B4B14ED6AF}.Release|x64.ActiveCfg = Release|Any CPU
		{5D37B35B-3CE5-4770-AFDB-41B4B14ED6AF}.Release|x64.Build.0 = Release|Any CPU
		{5D37B35B-3CE5-4770-AFDB-41B4B14ED6AF}.Release|x86.ActiveCfg = Release|Any CPU
		{5D37B35B-3CE5-4770-AFDB-41B4B14ED6AF}.Release|x86.Build.0 = Release|Any CPU
	EndGlobalSection
	GlobalSection(SolutionProperties) = preSolution
		HideSolutionNode = FALSE
	EndGlobalSection
	GlobalSection(NestedProjects) = preSolution
		{90298CBA-BD6F-3A0A-69D5-97CAD7B05E7E} = {827E0CD3-B72D-47B6-A68D-7590B98EB39B}
		{CE6922AC-7D7A-4F19-916E-D72AFDDD0BF0} = {90298CBA-BD6F-3A0A-69D5-97CAD7B05E7E}
		{A54449A2-9B83-492C-B239-F2D683F78F7D} = {90298CBA-BD6F-3A0A-69D5-97CAD7B05E7E}
		{D034D3DB-C698-4186-82D3-1D4B01B6CDCB} = {90298CBA-BD6F-3A0A-69D5-97CAD7B05E7E}
		{6306A8FB-679E-111F-6585-8F70E0EE6013} = {827E0CD3-B72D-47B6-A68D-7590B98EB39B}
		{1D9BE668-5728-425C-B82D-AEA06D19DFA4} = {6306A8FB-679E-111F-6585-8F70E0EE6013}
		{984BB9B3-3FA3-BE33-9484-CAC21695A33C} = {827E0CD3-B72D-47B6-A68D-7590B98EB39B}
		{A52FF9A7-1006-A729-7F26-021652E10080} = {984BB9B3-3FA3-BE33-9484-CAC21695A33C}
		{3451A6BB-7AAC-46FB-A50F-19A65C814E99} = {A52FF9A7-1006-A729-7F26-021652E10080}
		{2D9D0E4E-FA09-4BFA-A6A5-B206EC3A59BB} = {A52FF9A7-1006-A729-7F26-021652E10080}
		{620BB8DD-8896-4E45-B26F-56B87E7DBBF4} = {A52FF9A7-1006-A729-7F26-021652E10080}
		{08FDF62A-90C9-41E5-AC51-8335036D5DA4} = {A52FF9A7-1006-A729-7F26-021652E10080}
		{DEFE65A1-8458-5878-8323-44CF1A3176D4} = {984BB9B3-3FA3-BE33-9484-CAC21695A33C}
		{875DFBF7-D6D4-491D-AA4F-E85A00243AEB} = {DEFE65A1-8458-5878-8323-44CF1A3176D4}
		{5F4A682E-B132-495A-8235-1337354B9127} = {DEFE65A1-8458-5878-8323-44CF1A3176D4}
		{DB6CAE44-C097-403D-9789-B9658E76009B} = {DEFE65A1-8458-5878-8323-44CF1A3176D4}
		{3C3B11D2-CB91-483E-891B-4D197B048609} = {DEFE65A1-8458-5878-8323-44CF1A3176D4}
		{6F5DE244-4ECA-B9E3-F0EF-1DCCD530B650} = {984BB9B3-3FA3-BE33-9484-CAC21695A33C}
		{32E025D2-9DA9-4443-B9BB-03E52596362F} = {6F5DE244-4ECA-B9E3-F0EF-1DCCD530B650}
		{49B5F781-6FCE-4F22-84B3-1D0989194EDE} = {6F5DE244-4ECA-B9E3-F0EF-1DCCD530B650}
		{621DFE89-E238-4F12-AC1D-7DF6BF7E2147} = {6F5DE244-4ECA-B9E3-F0EF-1DCCD530B650}
		{F1369FBF-58BD-4EF9-BB44-7BC7F60EFC06} = {6F5DE244-4ECA-B9E3-F0EF-1DCCD530B650}
		{0D084B51-CD32-3689-CAE0-260DDB685C60} = {984BB9B3-3FA3-BE33-9484-CAC21695A33C}
		{C2959D80-0FAF-4C45-B092-91FB58BA4E60} = {0D084B51-CD32-3689-CAE0-260DDB685C60}
		{5ED29BC2-2E82-4229-AE7A-2313BE027007} = {0D084B51-CD32-3689-CAE0-260DDB685C60}
		{0B809EDB-37AB-43D9-9F87-233FE3E60E18} = {0D084B51-CD32-3689-CAE0-260DDB685C60}
		{7E57B9DB-EA94-4C10-9603-BB9CAB7CC69F} = {0D084B51-CD32-3689-CAE0-260DDB685C60}
		{47931FAB-DBE1-FD8F-0AFF-2CD4B99C52C4} = {984BB9B3-3FA3-BE33-9484-CAC21695A33C}
		{9D604EE7-83F8-4DB4-8912-AD62C57482F6} = {47931FAB-DBE1-FD8F-0AFF-2CD4B99C52C4}
		{98FBA01A-E972-4311-AE5A-AD1A7DE5FB98} = {47931FAB-DBE1-FD8F-0AFF-2CD4B99C52C4}
		{6AA108A8-C474-4D7C-AC30-8B8525EDD33B} = {47931FAB-DBE1-FD8F-0AFF-2CD4B99C52C4}
		{9901BDAA-1D80-48B7-897B-0813B58D3241} = {47931FAB-DBE1-FD8F-0AFF-2CD4B99C52C4}
		{40CB294E-2A2C-AA7D-5466-10F40F0DAD4F} = {984BB9B3-3FA3-BE33-9484-CAC21695A33C}
		{B18AD649-D9D4-4048-9129-BD2760BCABA4} = {40CB294E-2A2C-AA7D-5466-10F40F0DAD4F}
		{111E7E09-27DD-4C34-858E-A2EF72E7200D} = {40CB294E-2A2C-AA7D-5466-10F40F0DAD4F}
		{7CC02AB7-BD3F-4DC6-9385-205451176DAF} = {40CB294E-2A2C-AA7D-5466-10F40F0DAD4F}
		{9F119AC9-8504-4F0E-8442-E1AAF6FCFDD8} = {40CB294E-2A2C-AA7D-5466-10F40F0DAD4F}
		{0636EC47-D603-4C0F-867B-6CB7F0E5AD3B} = {47931FAB-DBE1-FD8F-0AFF-2CD4B99C52C4}
		{FCA01246-F2C6-0AA7-D43F-FD13BE0B9D88} = {827E0CD3-B72D-47B6-A68D-7590B98EB39B}
		{5D37B35B-3CE5-4770-AFDB-41B4B14ED6AF} = {FCA01246-F2C6-0AA7-D43F-FD13BE0B9D88}
	EndGlobalSection
EndGlobal
